
Microsoft Visual Studio Solution File, Format Version 12.00
# Visual Studio Version 17
VisualStudioVersion = 17.13.35919.96 d17.13
MinimumVisualStudioVersion = 10.0.40219.1
Project("{FAE04EC0-301F-11D3-BF4B-00C04F79EFBC}") = "Begin7", "Begin7\Begin7.csproj", "{B1E50AC5-AD66-4B01-A87E-2495DE5BEE97}"
EndProject
Global
	GlobalSection(SolutionConfigurationPlatforms) = preSolution
		Debug|Any CPU = Debug|Any CPU
		Release|Any CPU = Release|Any CPU
	EndGlobalSection
	GlobalSection(ProjectConfigurationPlatforms) = postSolution
		{B1E50AC5-AD66-4B01-A87E-2495DE5BEE97}.Debug|Any CPU.ActiveCfg = Debug|Any CPU
		{B1E50AC5-AD66-4B01-A87E-2495DE5BEE97}.Debug|Any CPU.Build.0 = Debug|Any CPU
		{B1E50AC5-AD66-4B01-A87E-2495DE5BEE97}.Release|Any CPU.ActiveCfg = Release|Any CPU
		{B1E50AC5-AD66-4B01-A87E-2495DE5BEE97}.Release|Any CPU.Build.0 = Release|Any CPU
	EndGlobalSection
	GlobalSection(SolutionProperties) = preSolution
		HideSolutionNode = FALSE
	EndGlobalSection
	GlobalSection(ExtensibilityGlobals) = postSolution
		SolutionGuid = {0F9A65FA-19D1-49FA-BE7A-5845DE6D61FA}
	EndGlobalSection
EndGlobal
