
Microsoft Visual Studio Solution File, Format Version 12.00
# Visual Studio Version 17
VisualStudioVersion = 17.13.35919.96 d17.13
MinimumVisualStudioVersion = 10.0.40219.1
Project("{FAE04EC0-301F-11D3-BF4B-00C04F79EFBC}") = "Boolean14", "Boolean14\Boolean14.csproj", "{BE7327F1-5CC0-407B-988B-3C7D86C8D563}"
EndProject
Global
	GlobalSection(SolutionConfigurationPlatforms) = preSolution
		Debug|Any CPU = Debug|Any CPU
		Release|Any CPU = Release|Any CPU
	EndGlobalSection
	GlobalSection(ProjectConfigurationPlatforms) = postSolution
		{BE7327F1-5CC0-407B-988B-3C7D86C8D563}.Debug|Any CPU.ActiveCfg = Debug|Any CPU
		{BE7327F1-5CC0-407B-988B-3C7D86C8D563}.Debug|Any CPU.Build.0 = Debug|Any CPU
		{BE7327F1-5CC0-407B-988B-3C7D86C8D563}.Release|Any CPU.ActiveCfg = Release|Any CPU
		{BE7327F1-5CC0-407B-988B-3C7D86C8D563}.Release|Any CPU.Build.0 = Release|Any CPU
	EndGlobalSection
	GlobalSection(SolutionProperties) = preSolution
		HideSolutionNode = FALSE
	EndGlobalSection
	GlobalSection(ExtensibilityGlobals) = postSolution
		SolutionGuid = {E983F16E-4038-4909-9EAC-99F20F6487EC}
	EndGlobalSection
EndGlobal
