
Microsoft Visual Studio Solution File, Format Version 12.00
# Visual Studio Version 17
VisualStudioVersion = 17.13.35919.96 d17.13
MinimumVisualStudioVersion = 10.0.40219.1
Project("{FAE04EC0-301F-11D3-BF4B-00C04F79EFBC}") = "Begin10", "Begin10\Begin10.csproj", "{202BC421-3A67-4759-A758-C122C386B186}"
EndProject
Global
	GlobalSection(SolutionConfigurationPlatforms) = preSolution
		Debug|Any CPU = Debug|Any CPU
		Release|Any CPU = Release|Any CPU
	EndGlobalSection
	GlobalSection(ProjectConfigurationPlatforms) = postSolution
		{202BC421-3A67-4759-A758-C122C386B186}.Debug|Any CPU.ActiveCfg = Debug|Any CPU
		{202BC421-3A67-4759-A758-C122C386B186}.Debug|Any CPU.Build.0 = Debug|Any CPU
		{202BC421-3A67-4759-A758-C122C386B186}.Release|Any CPU.ActiveCfg = Release|Any CPU
		{202BC421-3A67-4759-A758-C122C386B186}.Release|Any CPU.Build.0 = Release|Any CPU
	EndGlobalSection
	GlobalSection(SolutionProperties) = preSolution
		HideSolutionNode = FALSE
	EndGlobalSection
	GlobalSection(ExtensibilityGlobals) = postSolution
		SolutionGuid = {E07F7D22-98E3-4AD4-8FA7-4E0E4FBD136C}
	EndGlobalSection
EndGlobal
