
Microsoft Visual Studio Solution File, Format Version 12.00
# Visual Studio Version 17
VisualStudioVersion = 17.13.35919.96 d17.13
MinimumVisualStudioVersion = 10.0.40219.1
Project("{FAE04EC0-301F-11D3-BF4B-00C04F79EFBC}") = "integer25", "integer25\integer25.csproj", "{122B1840-0606-4667-82AD-89928B03926C}"
EndProject
Global
	GlobalSection(SolutionConfigurationPlatforms) = preSolution
		Debug|Any CPU = Debug|Any CPU
		Release|Any CPU = Release|Any CPU
	EndGlobalSection
	GlobalSection(ProjectConfigurationPlatforms) = postSolution
		{122B1840-0606-4667-82AD-89928B03926C}.Debug|Any CPU.ActiveCfg = Debug|Any CPU
		{122B1840-0606-4667-82AD-89928B03926C}.Debug|Any CPU.Build.0 = Debug|Any CPU
		{122B1840-0606-4667-82AD-89928B03926C}.Release|Any CPU.ActiveCfg = Release|Any CPU
		{122B1840-0606-4667-82AD-89928B03926C}.Release|Any CPU.Build.0 = Release|Any CPU
	EndGlobalSection
	GlobalSection(SolutionProperties) = preSolution
		HideSolutionNode = FALSE
	EndGlobalSection
	GlobalSection(ExtensibilityGlobals) = postSolution
		SolutionGuid = {40CC016E-7DDD-499F-AB16-0D8B55F582C8}
	EndGlobalSection
EndGlobal
